
Microsoft Visual Studio Solution File, Format Version 12.00
# Visual Studio Version 16
VisualStudioVersion = 16.0.31321.278
MinimumVisualStudioVersion = 10.0.40219.1
Project("{9A19103F-16F7-4668-BE54-9A1E7A4F7556}") = "App1", "App1\App1.csproj", "{1ED9FE71-3251-4CE7-B45F-F5069E0C01B1}"
EndProject
Project("{9092AA53-FB77-4645-B42D-1CCCA6BD08BD}") = "NodejsWebApp1", "NodejsWebApp1\NodejsWebApp1.njsproj", "{BAED8614-61A2-4127-B1DA-9B9B35D06B12}"
EndProject
Global
	GlobalSection(SolutionConfigurationPlatforms) = preSolution
		Debug|Any CPU = Debug|Any CPU
		Release|Any CPU = Release|Any CPU
	EndGlobalSection
	GlobalSection(ProjectConfigurationPlatforms) = postSolution
		{1ED9FE71-3251-4CE7-B45F-F5069E0C01B1}.Debug|Any CPU.ActiveCfg = Debug|Any CPU
		{1ED9FE71-3251-4CE7-B45F-F5069E0C01B1}.Debug|Any CPU.Build.0 = Debug|Any CPU
		{1ED9FE71-3251-4CE7-B45F-F5069E0C01B1}.Release|Any CPU.ActiveCfg = Release|Any CPU
		{1ED9FE71-3251-4CE7-B45F-F5069E0C01B1}.Release|Any CPU.Build.0 = Release|Any CPU
		{BAED8614-61A2-4127-B1DA-9B9B35D06B12}.Debug|Any CPU.ActiveCfg = Debug|Any CPU
		{BAED8614-61A2-4127-B1DA-9B9B35D06B12}.Debug|Any CPU.Build.0 = Debug|Any CPU
		{BAED8614-61A2-4127-B1DA-9B9B35D06B12}.Release|Any CPU.ActiveCfg = Release|Any CPU
		{BAED8614-61A2-4127-B1DA-9B9B35D06B12}.Release|Any CPU.Build.0 = Release|Any CPU
	EndGlobalSection
	GlobalSection(SolutionProperties) = preSolution
		HideSolutionNode = FALSE
	EndGlobalSection
	GlobalSection(ExtensibilityGlobals) = postSolution
		SolutionGuid = {82E0553A-AF06-40B5-8B8F-95334338F2F4}
	EndGlobalSection
EndGlobal
